// !$*UTF8*$!
{
	archiveVersion = 1;
	classes = {
	};
	objectVersion = 50;
	objects = {

/* Begin PBXBuildFile section */
		EA1C958926038C7900EBB5AD /* ViewCellComponent.xib in Resources */ = {isa = PBXBuildFile; fileRef = EA1C958826038C7900EBB5AD /* ViewCellComponent.xib */; };
		EA1C958C26038CCD00EBB5AD /* ViewCellComponent.swift in Sources */ = {isa = PBXBuildFile; fileRef = EA1C958B26038CCD00EBB5AD /* ViewCellComponent.swift */; };
		EA1C958F26038E6400EBB5AD /* AluraView.xib in Resources */ = {isa = PBXBuildFile; fileRef = EA1C958E26038E6400EBB5AD /* AluraView.xib */; };
		EA1C959226038E8600EBB5AD /* AluraView.swift in Sources */ = {isa = PBXBuildFile; fileRef = EA1C959126038E8600EBB5AD /* AluraView.swift */; };
		EA33B79126006BFF008A117B /* AppDelegate.swift in Sources */ = {isa = PBXBuildFile; fileRef = EA33B79026006BFF008A117B /* AppDelegate.swift */; };
		EA33B79326006BFF008A117B /* SceneDelegate.swift in Sources */ = {isa = PBXBuildFile; fileRef = EA33B79226006BFF008A117B /* SceneDelegate.swift */; };
		EA33B79526006BFF008A117B /* ViewController.swift in Sources */ = {isa = PBXBuildFile; fileRef = EA33B79426006BFF008A117B /* ViewController.swift */; };
		EA33B79826006BFF008A117B /* Main.storyboard in Resources */ = {isa = PBXBuildFile; fileRef = EA33B79626006BFF008A117B /* Main.storyboard */; };
		EA33B79A26006C05008A117B /* Assets.xcassets in Resources */ = {isa = PBXBuildFile; fileRef = EA33B79926006C05008A117B /* Assets.xcassets */; };
		EA33B79D26006C05008A117B /* LaunchScreen.storyboard in Resources */ = {isa = PBXBuildFile; fileRef = EA33B79B26006C05008A117B /* LaunchScreen.storyboard */; };
		EA568F51260433B800C087AD /* PacoteViagem.swift in Sources */ = {isa = PBXBuildFile; fileRef = EA568F50260433B800C087AD /* PacoteViagem.swift */; };
		EA568F542604364300C087AD /* PacoteViagemDAO.swift in Sources */ = {isa = PBXBuildFile; fileRef = EA568F532604364300C087AD /* PacoteViagemDAO.swift */; };
		EA568F69260436A000C087AD /* icon_back.png in Resources */ = {isa = PBXBuildFile; fileRef = EA568F58260436A000C087AD /* icon_back.png */; };
		EA568F6A260436A000C087AD /* icon_search@2x.png in Resources */ = {isa = PBXBuildFile; fileRef = EA568F59260436A000C087AD /* icon_search@2x.png */; };
		EA568F6B260436A000C087AD /* icon_package@2x.png in Resources */ = {isa = PBXBuildFile; fileRef = EA568F5A260436A000C087AD /* icon_package@2x.png */; };
		EA568F6C260436A000C087AD /* img9.jpg in Resources */ = {isa = PBXBuildFile; fileRef = EA568F5B260436A000C087AD /* img9.jpg */; };
		EA568F6D260436A000C087AD /* img8.jpg in Resources */ = {isa = PBXBuildFile; fileRef = EA568F5C260436A000C087AD /* img8.jpg */; };
		EA568F6E260436A000C087AD /* icon_airplane.png in Resources */ = {isa = PBXBuildFile; fileRef = EA568F5D260436A000C087AD /* icon_airplane.png */; };
		EA568F6F260436A000C087AD /* img5.jpg in Resources */ = {isa = PBXBuildFile; fileRef = EA568F5E260436A000C087AD /* img5.jpg */; };
		EA568F70260436A000C087AD /* img4.jpg in Resources */ = {isa = PBXBuildFile; fileRef = EA568F5F260436A000C087AD /* img4.jpg */; };
		EA568F71260436A000C087AD /* img6.jpg in Resources */ = {isa = PBXBuildFile; fileRef = EA568F60260436A000C087AD /* img6.jpg */; };
		EA568F72260436A000C087AD /* img7.jpg in Resources */ = {isa = PBXBuildFile; fileRef = EA568F61260436A000C087AD /* img7.jpg */; };
		EA568F73260436A000C087AD /* img3.jpg in Resources */ = {isa = PBXBuildFile; fileRef = EA568F62260436A000C087AD /* img3.jpg */; };
		EA568F74260436A000C087AD /* img2.jpg in Resources */ = {isa = PBXBuildFile; fileRef = EA568F63260436A000C087AD /* img2.jpg */; };
		EA568F75260436A000C087AD /* icon_breakfast.png in Resources */ = {isa = PBXBuildFile; fileRef = EA568F64260436A000C087AD /* icon_breakfast.png */; };
		EA568F76260436A000C087AD /* img1.png in Resources */ = {isa = PBXBuildFile; fileRef = EA568F65260436A000C087AD /* img1.png */; };
		EA568F77260436A000C087AD /* img11.jpg in Resources */ = {isa = PBXBuildFile; fileRef = EA568F66260436A000C087AD /* img11.jpg */; };
		EA568F78260436A000C087AD /* img10.jpg in Resources */ = {isa = PBXBuildFile; fileRef = EA568F67260436A000C087AD /* img10.jpg */; };
		EA568F79260436A000C087AD /* icon_hotel.png in Resources */ = {isa = PBXBuildFile; fileRef = EA568F68260436A000C087AD /* icon_hotel.png */; };
		EA9A3F4526027D08001B6C03 /* PacotesViagensViewController.swift in Sources */ = {isa = PBXBuildFile; fileRef = EA9A3F4426027D08001B6C03 /* PacotesViagensViewController.swift */; };
		EA9A3F4926027F77001B6C03 /* PacoteViagemCollectionViewCell.swift in Sources */ = {isa = PBXBuildFile; fileRef = EA9A3F4826027F77001B6C03 /* PacoteViagemCollectionViewCell.swift */; };
		EA9E30C42604020A0011C700 /* DetalhesViagemViewController.swift in Sources */ = {isa = PBXBuildFile; fileRef = EA9E30C32604020A0011C700 /* DetalhesViagemViewController.swift */; };
		EAFF646B2600DA9A00F76F6D /* Viagens.swift in Sources */ = {isa = PBXBuildFile; fileRef = EAFF646A2600DA9A00F76F6D /* Viagens.swift */; };
		EAFF646F2600DE9F00F76F6D /* ViagemDAO.swift in Sources */ = {isa = PBXBuildFile; fileRef = EAFF646E2600DE9F00F76F6D /* ViagemDAO.swift */; };
		EAFF64722600E1D200F76F6D /* TableViewCell.swift in Sources */ = {isa = PBXBuildFile; fileRef = EAFF64712600E1D200F76F6D /* TableViewCell.swift */; };
/* End PBXBuildFile section */

/* Begin PBXFileReference section */
		EA1C958826038C7900EBB5AD /* ViewCellComponent.xib */ = {isa = PBXFileReference; lastKnownFileType = file.xib; path = ViewCellComponent.xib; sourceTree = "<group>"; };
		EA1C958B26038CCD00EBB5AD /* ViewCellComponent.swift */ = {isa = PBXFileReference; lastKnownFileType = sourcecode.swift; path = ViewCellComponent.swift; sourceTree = "<group>"; };
		EA1C958E26038E6400EBB5AD /* AluraView.xib */ = {isa = PBXFileReference; lastKnownFileType = file.xib; path = AluraView.xib; sourceTree = "<group>"; };
		EA1C959126038E8600EBB5AD /* AluraView.swift */ = {isa = PBXFileReference; lastKnownFileType = sourcecode.swift; path = AluraView.swift; sourceTree = "<group>"; };
		EA33B78D26006BFF008A117B /* AppViagens-Alura-everis.app */ = {isa = PBXFileReference; explicitFileType = wrapper.application; includeInIndex = 0; path = "AppViagens-Alura-everis.app"; sourceTree = BUILT_PRODUCTS_DIR; };
		EA33B79026006BFF008A117B /* AppDelegate.swift */ = {isa = PBXFileReference; lastKnownFileType = sourcecode.swift; path = AppDelegate.swift; sourceTree = "<group>"; };
		EA33B79226006BFF008A117B /* SceneDelegate.swift */ = {isa = PBXFileReference; lastKnownFileType = sourcecode.swift; path = SceneDelegate.swift; sourceTree = "<group>"; };
		EA33B79426006BFF008A117B /* ViewController.swift */ = {isa = PBXFileReference; lastKnownFileType = sourcecode.swift; path = ViewController.swift; sourceTree = "<group>"; };
		EA33B79726006BFF008A117B /* Base */ = {isa = PBXFileReference; lastKnownFileType = file.storyboard; name = Base; path = Base.lproj/Main.storyboard; sourceTree = "<group>"; };
		EA33B79926006C05008A117B /* Assets.xcassets */ = {isa = PBXFileReference; lastKnownFileType = folder.assetcatalog; path = Assets.xcassets; sourceTree = "<group>"; };
		EA33B79C26006C05008A117B /* Base */ = {isa = PBXFileReference; lastKnownFileType = file.storyboard; name = Base; path = Base.lproj/LaunchScreen.storyboard; sourceTree = "<group>"; };
		EA33B79E26006C05008A117B /* Info.plist */ = {isa = PBXFileReference; lastKnownFileType = text.plist.xml; path = Info.plist; sourceTree = "<group>"; };
		EA568F50260433B800C087AD /* PacoteViagem.swift */ = {isa = PBXFileReference; lastKnownFileType = sourcecode.swift; path = PacoteViagem.swift; sourceTree = "<group>"; };
		EA568F532604364300C087AD /* PacoteViagemDAO.swift */ = {isa = PBXFileReference; fileEncoding = 4; lastKnownFileType = sourcecode.swift; path = PacoteViagemDAO.swift; sourceTree = "<group>"; };
		EA568F58260436A000C087AD /* icon_back.png */ = {isa = PBXFileReference; lastKnownFileType = image.png; path = icon_back.png; sourceTree = "<group>"; };
		EA568F59260436A000C087AD /* icon_search@2x.png */ = {isa = PBXFileReference; lastKnownFileType = image.png; path = "icon_search@2x.png"; sourceTree = "<group>"; };
		EA568F5A260436A000C087AD /* icon_package@2x.png */ = {isa = PBXFileReference; lastKnownFileType = image.png; path = "icon_package@2x.png"; sourceTree = "<group>"; };
		EA568F5B260436A000C087AD /* img9.jpg */ = {isa = PBXFileReference; lastKnownFileType = image.jpeg; path = img9.jpg; sourceTree = "<group>"; };
		EA568F5C260436A000C087AD /* img8.jpg */ = {isa = PBXFileReference; lastKnownFileType = image.jpeg; path = img8.jpg; sourceTree = "<group>"; };
		EA568F5D260436A000C087AD /* icon_airplane.png */ = {isa = PBXFileReference; lastKnownFileType = image.png; path = icon_airplane.png; sourceTree = "<group>"; };
		EA568F5E260436A000C087AD /* img5.jpg */ = {isa = PBXFileReference; lastKnownFileType = image.jpeg; path = img5.jpg; sourceTree = "<group>"; };
		EA568F5F260436A000C087AD /* img4.jpg */ = {isa = PBXFileReference; lastKnownFileType = image.jpeg; path = img4.jpg; sourceTree = "<group>"; };
		EA568F60260436A000C087AD /* img6.jpg */ = {isa = PBXFileReference; lastKnownFileType = image.jpeg; path = img6.jpg; sourceTree = "<group>"; };
		EA568F61260436A000C087AD /* img7.jpg */ = {isa = PBXFileReference; lastKnownFileType = image.jpeg; path = img7.jpg; sourceTree = "<group>"; };
		EA568F62260436A000C087AD /* img3.jpg */ = {isa = PBXFileReference; lastKnownFileType = image.jpeg; path = img3.jpg; sourceTree = "<group>"; };
		EA568F63260436A000C087AD /* img2.jpg */ = {isa = PBXFileReference; lastKnownFileType = image.jpeg; path = img2.jpg; sourceTree = "<group>"; };
		EA568F64260436A000C087AD /* icon_breakfast.png */ = {isa = PBXFileReference; lastKnownFileType = image.png; path = icon_breakfast.png; sourceTree = "<group>"; };
		EA568F65260436A000C087AD /* img1.png */ = {isa = PBXFileReference; lastKnownFileType = image.png; path = img1.png; sourceTree = "<group>"; };
		EA568F66260436A000C087AD /* img11.jpg */ = {isa = PBXFileReference; lastKnownFileType = image.jpeg; path = img11.jpg; sourceTree = "<group>"; };
		EA568F67260436A000C087AD /* img10.jpg */ = {isa = PBXFileReference; lastKnownFileType = image.jpeg; path = img10.jpg; sourceTree = "<group>"; };
		EA568F68260436A000C087AD /* icon_hotel.png */ = {isa = PBXFileReference; lastKnownFileType = image.png; path = icon_hotel.png; sourceTree = "<group>"; };
		EA9A3F4426027D08001B6C03 /* PacotesViagensViewController.swift */ = {isa = PBXFileReference; lastKnownFileType = sourcecode.swift; path = PacotesViagensViewController.swift; sourceTree = "<group>"; };
		EA9A3F4826027F77001B6C03 /* PacoteViagemCollectionViewCell.swift */ = {isa = PBXFileReference; lastKnownFileType = sourcecode.swift; path = PacoteViagemCollectionViewCell.swift; sourceTree = "<group>"; };
		EA9E30C32604020A0011C700 /* DetalhesViagemViewController.swift */ = {isa = PBXFileReference; lastKnownFileType = sourcecode.swift; path = DetalhesViagemViewController.swift; sourceTree = "<group>"; };
		EAFF646A2600DA9A00F76F6D /* Viagens.swift */ = {isa = PBXFileReference; lastKnownFileType = sourcecode.swift; path = Viagens.swift; sourceTree = "<group>"; };
		EAFF646E2600DE9F00F76F6D /* ViagemDAO.swift */ = {isa = PBXFileReference; fileEncoding = 4; lastKnownFileType = sourcecode.swift; path = ViagemDAO.swift; sourceTree = "<group>"; };
		EAFF64712600E1D200F76F6D /* TableViewCell.swift */ = {isa = PBXFileReference; lastKnownFileType = sourcecode.swift; path = TableViewCell.swift; sourceTree = "<group>"; };
/* End PBXFileReference section */

/* Begin PBXFrameworksBuildPhase section */
		EA33B78A26006BFF008A117B /* Frameworks */ = {
			isa = PBXFrameworksBuildPhase;
			buildActionMask = 2147483647;
			files = (
			);
			runOnlyForDeploymentPostprocessing = 0;
		};
/* End PBXFrameworksBuildPhase section */

/* Begin PBXGroup section */
		EA1C95952603F06000EBB5AD /* DetalhesViagens */ = {
			isa = PBXGroup;
			children = (
				EA1C95972603F07700EBB5AD /* Controller */,
				EA1C95962603F07100EBB5AD /* View */,
			);
			path = DetalhesViagens;
			sourceTree = "<group>";
		};
		EA1C95962603F07100EBB5AD /* View */ = {
			isa = PBXGroup;
			children = (
			);
			path = View;
			sourceTree = "<group>";
		};
		EA1C95972603F07700EBB5AD /* Controller */ = {
			isa = PBXGroup;
			children = (
				EA9E30C32604020A0011C700 /* DetalhesViagemViewController.swift */,
			);
			path = Controller;
			sourceTree = "<group>";
		};
		EA33B78426006BFF008A117B = {
			isa = PBXGroup;
			children = (
				EA33B78F26006BFF008A117B /* AppViagens-Alura-everis */,
				EA33B78E26006BFF008A117B /* Products */,
			);
			sourceTree = "<group>";
		};
		EA33B78E26006BFF008A117B /* Products */ = {
			isa = PBXGroup;
			children = (
				EA33B78D26006BFF008A117B /* AppViagens-Alura-everis.app */,
			);
			name = Products;
			sourceTree = "<group>";
		};
		EA33B78F26006BFF008A117B /* AppViagens-Alura-everis */ = {
			isa = PBXGroup;
			children = (
				EA33B79026006BFF008A117B /* AppDelegate.swift */,
				EA33B79226006BFF008A117B /* SceneDelegate.swift */,
				EA1C95952603F06000EBB5AD /* DetalhesViagens */,
				EAFF647E26012F3200F76F6D /* Model */,
				EAFF647F26012F4900F76F6D /* Home */,
				EA9A3F4126027C94001B6C03 /* Pacotes */,
				EAFF64832601318900F76F6D /* ViagemDAO */,
				EA33B79626006BFF008A117B /* Main.storyboard */,
				EA568F57260436A000C087AD /* Assets */,
				EA33B79926006C05008A117B /* Assets.xcassets */,
				EA33B79B26006C05008A117B /* LaunchScreen.storyboard */,
				EA33B79E26006C05008A117B /* Info.plist */,
			);
			path = "AppViagens-Alura-everis";
			sourceTree = "<group>";
		};
		EA568F57260436A000C087AD /* Assets */ = {
			isa = PBXGroup;
			children = (
				EA568F58260436A000C087AD /* icon_back.png */,
				EA568F59260436A000C087AD /* icon_search@2x.png */,
				EA568F5A260436A000C087AD /* icon_package@2x.png */,
				EA568F5B260436A000C087AD /* img9.jpg */,
				EA568F5C260436A000C087AD /* img8.jpg */,
				EA568F5D260436A000C087AD /* icon_airplane.png */,
				EA568F5E260436A000C087AD /* img5.jpg */,
				EA568F5F260436A000C087AD /* img4.jpg */,
				EA568F60260436A000C087AD /* img6.jpg */,
				EA568F61260436A000C087AD /* img7.jpg */,
				EA568F62260436A000C087AD /* img3.jpg */,
				EA568F63260436A000C087AD /* img2.jpg */,
				EA568F64260436A000C087AD /* icon_breakfast.png */,
				EA568F65260436A000C087AD /* img1.png */,
				EA568F66260436A000C087AD /* img11.jpg */,
				EA568F67260436A000C087AD /* img10.jpg */,
				EA568F68260436A000C087AD /* icon_hotel.png */,
			);
			path = Assets;
			sourceTree = "<group>";
		};
		EA9A3F4126027C94001B6C03 /* Pacotes */ = {
			isa = PBXGroup;
			children = (
				EA9A3F4326027CAE001B6C03 /* View */,
				EA9A3F4226027CA7001B6C03 /* Controller */,
			);
			path = Pacotes;
			sourceTree = "<group>";
		};
		EA9A3F4226027CA7001B6C03 /* Controller */ = {
			isa = PBXGroup;
			children = (
				EA9A3F4426027D08001B6C03 /* PacotesViagensViewController.swift */,
				EA1C958B26038CCD00EBB5AD /* ViewCellComponent.swift */,
				EA1C959126038E8600EBB5AD /* AluraView.swift */,
			);
			path = Controller;
			sourceTree = "<group>";
		};
		EA9A3F4326027CAE001B6C03 /* View */ = {
			isa = PBXGroup;
			children = (
				EA9A3F4826027F77001B6C03 /* PacoteViagemCollectionViewCell.swift */,
				EA1C958826038C7900EBB5AD /* ViewCellComponent.xib */,
				EA1C958E26038E6400EBB5AD /* AluraView.xib */,
			);
			path = View;
			sourceTree = "<group>";
		};
		EAFF647E26012F3200F76F6D /* Model */ = {
			isa = PBXGroup;
			children = (
				EAFF646A2600DA9A00F76F6D /* Viagens.swift */,
				EA568F50260433B800C087AD /* PacoteViagem.swift */,
			);
			path = Model;
			sourceTree = "<group>";
		};
		EAFF647F26012F4900F76F6D /* Home */ = {
			isa = PBXGroup;
			children = (
				EAFF64822601316300F76F6D /* View */,
				EAFF6480260130C600F76F6D /* Controller */,
			);
			path = Home;
			sourceTree = "<group>";
		};
		EAFF6480260130C600F76F6D /* Controller */ = {
			isa = PBXGroup;
			children = (
				EA33B79426006BFF008A117B /* ViewController.swift */,
			);
			path = Controller;
			sourceTree = "<group>";
		};
		EAFF64822601316300F76F6D /* View */ = {
			isa = PBXGroup;
			children = (
				EAFF64712600E1D200F76F6D /* TableViewCell.swift */,
			);
			path = View;
			sourceTree = "<group>";
		};
		EAFF64832601318900F76F6D /* ViagemDAO */ = {
			isa = PBXGroup;
			children = (
				EA568F532604364300C087AD /* PacoteViagemDAO.swift */,
				EAFF646E2600DE9F00F76F6D /* ViagemDAO.swift */,
			);
			path = ViagemDAO;
			sourceTree = "<group>";
		};
/* End PBXGroup section */

/* Begin PBXNativeTarget section */
		EA33B78C26006BFF008A117B /* AppViagens-Alura-everis */ = {
			isa = PBXNativeTarget;
			buildConfigurationList = EA33B7A126006C05008A117B /* Build configuration list for PBXNativeTarget "AppViagens-Alura-everis" */;
			buildPhases = (
				EA33B78926006BFF008A117B /* Sources */,
				EA33B78A26006BFF008A117B /* Frameworks */,
				EA33B78B26006BFF008A117B /* Resources */,
			);
			buildRules = (
			);
			dependencies = (
			);
			name = "AppViagens-Alura-everis";
			productName = "AppViagens-Alura-everis";
			productReference = EA33B78D26006BFF008A117B /* AppViagens-Alura-everis.app */;
			productType = "com.apple.product-type.application";
		};
/* End PBXNativeTarget section */

/* Begin PBXProject section */
		EA33B78526006BFF008A117B /* Project object */ = {
			isa = PBXProject;
			attributes = {
				LastSwiftUpdateCheck = 1240;
				LastUpgradeCheck = 1240;
				TargetAttributes = {
					EA33B78C26006BFF008A117B = {
						CreatedOnToolsVersion = 12.4;
					};
				};
			};
			buildConfigurationList = EA33B78826006BFF008A117B /* Build configuration list for PBXProject "AppViagens-Alura-everis" */;
			compatibilityVersion = "Xcode 9.3";
			developmentRegion = en;
			hasScannedForEncodings = 0;
			knownRegions = (
				en,
				Base,
			);
			mainGroup = EA33B78426006BFF008A117B;
			productRefGroup = EA33B78E26006BFF008A117B /* Products */;
			projectDirPath = "";
			projectRoot = "";
			targets = (
				EA33B78C26006BFF008A117B /* AppViagens-Alura-everis */,
			);
		};
/* End PBXProject section */

/* Begin PBXResourcesBuildPhase section */
		EA33B78B26006BFF008A117B /* Resources */ = {
			isa = PBXResourcesBuildPhase;
			buildActionMask = 2147483647;
			files = (
				EA568F6E260436A000C087AD /* icon_airplane.png in Resources */,
				EA568F72260436A000C087AD /* img7.jpg in Resources */,
				EA568F6F260436A000C087AD /* img5.jpg in Resources */,
				EA568F77260436A000C087AD /* img11.jpg in Resources */,
				EA33B79D26006C05008A117B /* LaunchScreen.storyboard in Resources */,
				EA568F75260436A000C087AD /* icon_breakfast.png in Resources */,
				EA1C958F26038E6400EBB5AD /* AluraView.xib in Resources */,
				EA568F6A260436A000C087AD /* icon_search@2x.png in Resources */,
				EA568F70260436A000C087AD /* img4.jpg in Resources */,
				EA568F73260436A000C087AD /* img3.jpg in Resources */,
				EA33B79A26006C05008A117B /* Assets.xcassets in Resources */,
				EA568F6C260436A000C087AD /* img9.jpg in Resources */,
				EA568F71260436A000C087AD /* img6.jpg in Resources */,
				EA568F76260436A000C087AD /* img1.png in Resources */,
				EA568F6B260436A000C087AD /* icon_package@2x.png in Resources */,
				EA568F79260436A000C087AD /* icon_hotel.png in Resources */,
				EA568F6D260436A000C087AD /* img8.jpg in Resources */,
				EA568F69260436A000C087AD /* icon_back.png in Resources */,
				EA568F74260436A000C087AD /* img2.jpg in Resources */,
				EA1C958926038C7900EBB5AD /* ViewCellComponent.xib in Resources */,
				EA33B79826006BFF008A117B /* Main.storyboard in Resources */,
				EA568F78260436A000C087AD /* img10.jpg in Resources */,
			);
			runOnlyForDeploymentPostprocessing = 0;
		};
/* End PBXResourcesBuildPhase section */

/* Begin PBXSourcesBuildPhase section */
		EA33B78926006BFF008A117B /* Sources */ = {
			isa = PBXSourcesBuildPhase;
			buildActionMask = 2147483647;
			files = (
				EA9A3F4526027D08001B6C03 /* PacotesViagensViewController.swift in Sources */,
				EA9E30C42604020A0011C700 /* DetalhesViagemViewController.swift in Sources */,
				EA568F51260433B800C087AD /* PacoteViagem.swift in Sources */,
				EA33B79526006BFF008A117B /* ViewController.swift in Sources */,
				EAFF646F2600DE9F00F76F6D /* ViagemDAO.swift in Sources */,
				EA9A3F4926027F77001B6C03 /* PacoteViagemCollectionViewCell.swift in Sources */,
				EA568F542604364300C087AD /* PacoteViagemDAO.swift in Sources */,
				EAFF646B2600DA9A00F76F6D /* Viagens.swift in Sources */,
				EAFF64722600E1D200F76F6D /* TableViewCell.swift in Sources */,
				EA1C959226038E8600EBB5AD /* AluraView.swift in Sources */,
				EA1C958C26038CCD00EBB5AD /* ViewCellComponent.swift in Sources */,
				EA33B79126006BFF008A117B /* AppDelegate.swift in Sources */,
				EA33B79326006BFF008A117B /* SceneDelegate.swift in Sources */,
			);
			runOnlyForDeploymentPostprocessing = 0;
		};
/* End PBXSourcesBuildPhase section */

/* Begin PBXVariantGroup section */
		EA33B79626006BFF008A117B /* Main.storyboard */ = {
			isa = PBXVariantGroup;
			children = (
				EA33B79726006BFF008A117B /* Base */,
			);
			name = Main.storyboard;
			sourceTree = "<group>";
		};
		EA33B79B26006C05008A117B /* LaunchScreen.storyboard */ = {
			isa = PBXVariantGroup;
			children = (
				EA33B79C26006C05008A117B /* Base */,
			);
			name = LaunchScreen.storyboard;
			sourceTree = "<group>";
		};
/* End PBXVariantGroup section */

/* Begin XCBuildConfiguration section */
		EA33B79F26006C05008A117B /* Debug */ = {
			isa = XCBuildConfiguration;
			buildSettings = {
				ALWAYS_SEARCH_USER_PATHS = NO;
				CLANG_ANALYZER_NONNULL = YES;
				CLANG_ANALYZER_NUMBER_OBJECT_CONVERSION = YES_AGGRESSIVE;
				CLANG_CXX_LANGUAGE_STANDARD = "gnu++14";
				CLANG_CXX_LIBRARY = "libc++";
				CLANG_ENABLE_MODULES = YES;
				CLANG_ENABLE_OBJC_ARC = YES;
				CLANG_ENABLE_OBJC_WEAK = YES;
				CLANG_WARN_BLOCK_CAPTURE_AUTORELEASING = YES;
				CLANG_WARN_BOOL_CONVERSION = YES;
				CLANG_WARN_COMMA = YES;
				CLANG_WARN_CONSTANT_CONVERSION = YES;
				CLANG_WARN_DEPRECATED_OBJC_IMPLEMENTATIONS = YES;
				CLANG_WARN_DIRECT_OBJC_ISA_USAGE = YES_ERROR;
				CLANG_WARN_DOCUMENTATION_COMMENTS = YES;
				CLANG_WARN_EMPTY_BODY = YES;
				CLANG_WARN_ENUM_CONVERSION = YES;
				CLANG_WARN_INFINITE_RECURSION = YES;
				CLANG_WARN_INT_CONVERSION = YES;
				CLANG_WARN_NON_LITERAL_NULL_CONVERSION = YES;
				CLANG_WARN_OBJC_IMPLICIT_RETAIN_SELF = YES;
				CLANG_WARN_OBJC_LITERAL_CONVERSION = YES;
				CLANG_WARN_OBJC_ROOT_CLASS = YES_ERROR;
				CLANG_WARN_QUOTED_INCLUDE_IN_FRAMEWORK_HEADER = YES;
				CLANG_WARN_RANGE_LOOP_ANALYSIS = YES;
				CLANG_WARN_STRICT_PROTOTYPES = YES;
				CLANG_WARN_SUSPICIOUS_MOVE = YES;
				CLANG_WARN_UNGUARDED_AVAILABILITY = YES_AGGRESSIVE;
				CLANG_WARN_UNREACHABLE_CODE = YES;
				CLANG_WARN__DUPLICATE_METHOD_MATCH = YES;
				COPY_PHASE_STRIP = NO;
				DEBUG_INFORMATION_FORMAT = dwarf;
				ENABLE_STRICT_OBJC_MSGSEND = YES;
				ENABLE_TESTABILITY = YES;
				GCC_C_LANGUAGE_STANDARD = gnu11;
				GCC_DYNAMIC_NO_PIC = NO;
				GCC_NO_COMMON_BLOCKS = YES;
				GCC_OPTIMIZATION_LEVEL = 0;
				GCC_PREPROCESSOR_DEFINITIONS = (
					"DEBUG=1",
					"$(inherited)",
				);
				GCC_WARN_64_TO_32_BIT_CONVERSION = YES;
				GCC_WARN_ABOUT_RETURN_TYPE = YES_ERROR;
				GCC_WARN_UNDECLARED_SELECTOR = YES;
				GCC_WARN_UNINITIALIZED_AUTOS = YES_AGGRESSIVE;
				GCC_WARN_UNUSED_FUNCTION = YES;
				GCC_WARN_UNUSED_VARIABLE = YES;
				IPHONEOS_DEPLOYMENT_TARGET = 14.4;
				MTL_ENABLE_DEBUG_INFO = INCLUDE_SOURCE;
				MTL_FAST_MATH = YES;
				ONLY_ACTIVE_ARCH = YES;
				SDKROOT = iphoneos;
				SWIFT_ACTIVE_COMPILATION_CONDITIONS = DEBUG;
				SWIFT_OPTIMIZATION_LEVEL = "-Onone";
			};
			name = Debug;
		};
		EA33B7A026006C05008A117B /* Release */ = {
			isa = XCBuildConfiguration;
			buildSettings = {
				ALWAYS_SEARCH_USER_PATHS = NO;
				CLANG_ANALYZER_NONNULL = YES;
				CLANG_ANALYZER_NUMBER_OBJECT_CONVERSION = YES_AGGRESSIVE;
				CLANG_CXX_LANGUAGE_STANDARD = "gnu++14";
				CLANG_CXX_LIBRARY = "libc++";
				CLANG_ENABLE_MODULES = YES;
				CLANG_ENABLE_OBJC_ARC = YES;
				CLANG_ENABLE_OBJC_WEAK = YES;
				CLANG_WARN_BLOCK_CAPTURE_AUTORELEASING = YES;
				CLANG_WARN_BOOL_CONVERSION = YES;
				CLANG_WARN_COMMA = YES;
				CLANG_WARN_CONSTANT_CONVERSION = YES;
				CLANG_WARN_DEPRECATED_OBJC_IMPLEMENTATIONS = YES;
				CLANG_WARN_DIRECT_OBJC_ISA_USAGE = YES_ERROR;
				CLANG_WARN_DOCUMENTATION_COMMENTS = YES;
				CLANG_WARN_EMPTY_BODY = YES;
				CLANG_WARN_ENUM_CONVERSION = YES;
				CLANG_WARN_INFINITE_RECURSION = YES;
				CLANG_WARN_INT_CONVERSION = YES;
				CLANG_WARN_NON_LITERAL_NULL_CONVERSION = YES;
				CLANG_WARN_OBJC_IMPLICIT_RETAIN_SELF = YES;
				CLANG_WARN_OBJC_LITERAL_CONVERSION = YES;
				CLANG_WARN_OBJC_ROOT_CLASS = YES_ERROR;
				CLANG_WARN_QUOTED_INCLUDE_IN_FRAMEWORK_HEADER = YES;
				CLANG_WARN_RANGE_LOOP_ANALYSIS = YES;
				CLANG_WARN_STRICT_PROTOTYPES = YES;
				CLANG_WARN_SUSPICIOUS_MOVE = YES;
				CLANG_WARN_UNGUARDED_AVAILABILITY = YES_AGGRESSIVE;
				CLANG_WARN_UNREACHABLE_CODE = YES;
				CLANG_WARN__DUPLICATE_METHOD_MATCH = YES;
				COPY_PHASE_STRIP = NO;
				DEBUG_INFORMATION_FORMAT = "dwarf-with-dsym";
				ENABLE_NS_ASSERTIONS = NO;
				ENABLE_STRICT_OBJC_MSGSEND = YES;
				GCC_C_LANGUAGE_STANDARD = gnu11;
				GCC_NO_COMMON_BLOCKS = YES;
				GCC_WARN_64_TO_32_BIT_CONVERSION = YES;
				GCC_WARN_ABOUT_RETURN_TYPE = YES_ERROR;
				GCC_WARN_UNDECLARED_SELECTOR = YES;
				GCC_WARN_UNINITIALIZED_AUTOS = YES_AGGRESSIVE;
				GCC_WARN_UNUSED_FUNCTION = YES;
				GCC_WARN_UNUSED_VARIABLE = YES;
				IPHONEOS_DEPLOYMENT_TARGET = 14.4;
				MTL_ENABLE_DEBUG_INFO = NO;
				MTL_FAST_MATH = YES;
				SDKROOT = iphoneos;
				SWIFT_COMPILATION_MODE = wholemodule;
				SWIFT_OPTIMIZATION_LEVEL = "-O";
				VALIDATE_PRODUCT = YES;
			};
			name = Release;
		};
		EA33B7A226006C05008A117B /* Debug */ = {
			isa = XCBuildConfiguration;
			buildSettings = {
				ASSETCATALOG_COMPILER_APPICON_NAME = AppIcon;
				ASSETCATALOG_COMPILER_GLOBAL_ACCENT_COLOR_NAME = AccentColor;
				CODE_SIGN_STYLE = Automatic;
				INFOPLIST_FILE = "AppViagens-Alura-everis/Info.plist";
				LD_RUNPATH_SEARCH_PATHS = (
					"$(inherited)",
					"@executable_path/Frameworks",
				);
				PRODUCT_BUNDLE_IDENTIFIER = "br.com.AppViagens-Alura-everis";
				PRODUCT_NAME = "$(TARGET_NAME)";
				SWIFT_VERSION = 5.0;
				TARGETED_DEVICE_FAMILY = "1,2";
			};
			name = Debug;
		};
		EA33B7A326006C05008A117B /* Release */ = {
			isa = XCBuildConfiguration;
			buildSettings = {
				ASSETCATALOG_COMPILER_APPICON_NAME = AppIcon;
				ASSETCATALOG_COMPILER_GLOBAL_ACCENT_COLOR_NAME = AccentColor;
				CODE_SIGN_STYLE = Automatic;
				INFOPLIST_FILE = "AppViagens-Alura-everis/Info.plist";
				LD_RUNPATH_SEARCH_PATHS = (
					"$(inherited)",
					"@executable_path/Frameworks",
				);
				PRODUCT_BUNDLE_IDENTIFIER = "br.com.AppViagens-Alura-everis";
				PRODUCT_NAME = "$(TARGET_NAME)";
				SWIFT_VERSION = 5.0;
				TARGETED_DEVICE_FAMILY = "1,2";
			};
			name = Release;
		};
/* End XCBuildConfiguration section */

/* Begin XCConfigurationList section */
		EA33B78826006BFF008A117B /* Build configuration list for PBXProject "AppViagens-Alura-everis" */ = {
			isa = XCConfigurationList;
			buildConfigurations = (
				EA33B79F26006C05008A117B /* Debug */,
				EA33B7A026006C05008A117B /* Release */,
			);
			defaultConfigurationIsVisible = 0;
			defaultConfigurationName = Release;
		};
		EA33B7A126006C05008A117B /* Build configuration list for PBXNativeTarget "AppViagens-Alura-everis" */ = {
			isa = XCConfigurationList;
			buildConfigurations = (
				EA33B7A226006C05008A117B /* Debug */,
				EA33B7A326006C05008A117B /* Release */,
			);
			defaultConfigurationIsVisible = 0;
			defaultConfigurationName = Release;
		};
/* End XCConfigurationList section */
	};
	rootObject = EA33B78526006BFF008A117B /* Project object */;
}
